{
  "requires": true,
  "lockfileVersion": 1,
  "dependencies": {
    "http2": {
      "version": "3.3.7",
      "resolved": "https://registry.npmjs.org/http2/-/http2-3.3.7.tgz",
      "integrity": "sha512-puSi8M8WNlFJm9Pk4c/Mbz9Gwparuj3gO9/RRO5zv6piQ0FY+9Qywp0PdWshYgsMJSalixFY7eC6oPu0zRxLAQ=="
    }
  }
}
